
Microsoft Visual Studio Solution File, Format Version 12.00
# Visual Studio 15
VisualStudioVersion = 15.0.28307.421
MinimumVisualStudioVersion = 10.0.40219.1
Project("{FAE04EC0-301F-11D3-BF4B-00C04F79EFBC}") = "ImpresionFacturas", "ImpresionFacturas.csproj", "{AB854120-8218-4C04-A1D5-F59CDE2A72EB}"
EndProject
Global
	GlobalSection(SolutionConfigurationPlatforms) = preSolution
		Debug|Any CPU = Debug|Any CPU
		Release|Any CPU = Release|Any CPU
	EndGlobalSection
	GlobalSection(ProjectConfigurationPlatforms) = postSolution
		{AB854120-8218-4C04-A1D5-F59CDE2A72EB}.Debug|Any CPU.ActiveCfg = Debug|Any CPU
		{AB854120-8218-4C04-A1D5-F59CDE2A72EB}.Debug|Any CPU.Build.0 = Debug|Any CPU
		{AB854120-8218-4C04-A1D5-F59CDE2A72EB}.Release|Any CPU.ActiveCfg = Release|Any CPU
		{AB854120-8218-4C04-A1D5-F59CDE2A72EB}.Release|Any CPU.Build.0 = Release|Any CPU
	EndGlobalSection
	GlobalSection(SolutionProperties) = preSolution
		HideSolutionNode = FALSE
	EndGlobalSection
	GlobalSection(ExtensibilityGlobals) = postSolution
		SolutionGuid = {146AB323-6B4D-4C75-9214-0369968A7C76}
	EndGlobalSection
EndGlobal
